<?xml version="1.0" encoding="utf-8"?>
<Project ToolsVersion="16.0" xmlns="http://schemas.microsoft.com/developer/msbuild/2003">
  <ItemGroup>
    <CustomBuild Include="W:\Priscilla\CMakeFiles\cf960449cb62455e268634fca73470ad\INSTALL_force.rule">
      <Filter>CMake Rules</Filter>
    </CustomBuild>
  </ItemGroup>
  <ItemGroup>
    <Filter Include="CMake Rules">
      <UniqueIdentifier>{EE288950-EA44-35AB-A654-22AF8244564B}</UniqueIdentifier>
    </Filter>
  </ItemGroup>
</Project>
